
Microsoft Visual Studio Solution File, Format Version 12.00
# Visual Studio 15
VisualStudioVersion = 15.0.28307.757
MinimumVisualStudioVersion = 10.0.40219.1
Project("{FAE04EC0-301F-11D3-BF4B-00C04F79EFBC}") = "Quiron.LojaVirtual.Dominio", "Quiron.LojaVirtual.Dominio\Quiron.LojaVirtual.Dominio.csproj", "{113C201F-3170-4B2F-9AF3-A107D17E44DC}"
EndProject
Project("{FAE04EC0-301F-11D3-BF4B-00C04F79EFBC}") = "Quiron.LojaVirtual.Web", "Quiron.LojaVirtual.Web\Quiron.LojaVirtual.Web.csproj", "{E76AC3F4-BA55-423F-8F52-062844ABA912}"
EndProject
Project("{FAE04EC0-301F-11D3-BF4B-00C04F79EFBC}") = "Quiron.LojaVirtual.UnitTest", "Quiron.LojaVirtual.UnitTest\Quiron.LojaVirtual.UnitTest.csproj", "{C8BFE875-CE04-4379-B3AD-699BDB5EBEAD}"
EndProject
Global
	GlobalSection(SolutionConfigurationPlatforms) = preSolution
		Debug|Any CPU = Debug|Any CPU
		Release|Any CPU = Release|Any CPU
	EndGlobalSection
	GlobalSection(ProjectConfigurationPlatforms) = postSolution
		{113C201F-3170-4B2F-9AF3-A107D17E44DC}.Debug|Any CPU.ActiveCfg = Debug|Any CPU
		{113C201F-3170-4B2F-9AF3-A107D17E44DC}.Debug|Any CPU.Build.0 = Debug|Any CPU
		{113C201F-3170-4B2F-9AF3-A107D17E44DC}.Release|Any CPU.ActiveCfg = Release|Any CPU
		{113C201F-3170-4B2F-9AF3-A107D17E44DC}.Release|Any CPU.Build.0 = Release|Any CPU
		{E76AC3F4-BA55-423F-8F52-062844ABA912}.Debug|Any CPU.ActiveCfg = Debug|Any CPU
		{E76AC3F4-BA55-423F-8F52-062844ABA912}.Debug|Any CPU.Build.0 = Debug|Any CPU
		{E76AC3F4-BA55-423F-8F52-062844ABA912}.Release|Any CPU.ActiveCfg = Release|Any CPU
		{E76AC3F4-BA55-423F-8F52-062844ABA912}.Release|Any CPU.Build.0 = Release|Any CPU
		{C8BFE875-CE04-4379-B3AD-699BDB5EBEAD}.Debug|Any CPU.ActiveCfg = Debug|Any CPU
		{C8BFE875-CE04-4379-B3AD-699BDB5EBEAD}.Debug|Any CPU.Build.0 = Debug|Any CPU
		{C8BFE875-CE04-4379-B3AD-699BDB5EBEAD}.Release|Any CPU.ActiveCfg = Release|Any CPU
		{C8BFE875-CE04-4379-B3AD-699BDB5EBEAD}.Release|Any CPU.Build.0 = Release|Any CPU
	EndGlobalSection
	GlobalSection(SolutionProperties) = preSolution
		HideSolutionNode = FALSE
	EndGlobalSection
	GlobalSection(ExtensibilityGlobals) = postSolution
		SolutionGuid = {E4CD50FB-5A88-4301-8A00-10FAA4640578}
	EndGlobalSection
EndGlobal
